
Microsoft Visual Studio Solution File, Format Version 12.00
# Visual Studio 15
VisualStudioVersion = 15.0.26430.15
MinimumVisualStudioVersion = 10.0.40219.1
Project("{FAE04EC0-301F-11D3-BF4B-00C04F79EFBC}") = "EtajnaSobstvenost", "EtajnaSobstvenost\EtajnaSobstvenost.csproj", "{1128F005-6B64-4F23-B640-A19409479883}"
EndProject
Project("{2150E333-8FDC-42A3-9474-1A3956D46DE8}") = "DataAccess", "DataAccess", "{32E444B6-F370-48D2-A1DC-D2AF9D4F2D18}"
EndProject
Project("{2150E333-8FDC-42A3-9474-1A3956D46DE8}") = "Business", "Business", "{0D4FF91F-54FD-4AD1-B68C-7BFB0B5ECBB9}"
EndProject
Project("{FAE04EC0-301F-11D3-BF4B-00C04F79EFBC}") = "ES.DataAccess", "..\ES.DataAccess\ES.DataAccess.csproj", "{461C47B2-38A4-470B-B3DF-50AEF7D3F6CB}"
EndProject
Project("{FAE04EC0-301F-11D3-BF4B-00C04F79EFBC}") = "ES.DataManagers", "ES.DataManagers\ES.DataManagers.csproj", "{B2CAC66C-8663-4E91-83B7-02EF1194A5C2}"
EndProject
Project("{FAE04EC0-301F-11D3-BF4B-00C04F79EFBC}") = "ES.DataContracts", "ES.DataContracts\ES.DataContracts.csproj", "{31C97635-FED6-4589-A289-87549C9D701A}"
EndProject
Project("{FAE04EC0-301F-11D3-BF4B-00C04F79EFBC}") = "ES.Managers", "ES.Managers\ES.Managers.csproj", "{1679547B-955A-41D2-9271-98A66536BF1C}"
EndProject
Global
	GlobalSection(SolutionConfigurationPlatforms) = preSolution
		Debug|Any CPU = Debug|Any CPU
		Release|Any CPU = Release|Any CPU
	EndGlobalSection
	GlobalSection(ProjectConfigurationPlatforms) = postSolution
		{1128F005-6B64-4F23-B640-A19409479883}.Debug|Any CPU.ActiveCfg = Debug|Any CPU
		{1128F005-6B64-4F23-B640-A19409479883}.Debug|Any CPU.Build.0 = Debug|Any CPU
		{1128F005-6B64-4F23-B640-A19409479883}.Release|Any CPU.ActiveCfg = Release|Any CPU
		{1128F005-6B64-4F23-B640-A19409479883}.Release|Any CPU.Build.0 = Release|Any CPU
		{461C47B2-38A4-470B-B3DF-50AEF7D3F6CB}.Debug|Any CPU.ActiveCfg = Debug|Any CPU
		{461C47B2-38A4-470B-B3DF-50AEF7D3F6CB}.Debug|Any CPU.Build.0 = Debug|Any CPU
		{461C47B2-38A4-470B-B3DF-50AEF7D3F6CB}.Release|Any CPU.ActiveCfg = Release|Any CPU
		{461C47B2-38A4-470B-B3DF-50AEF7D3F6CB}.Release|Any CPU.Build.0 = Release|Any CPU
		{B2CAC66C-8663-4E91-83B7-02EF1194A5C2}.Debug|Any CPU.ActiveCfg = Debug|Any CPU
		{B2CAC66C-8663-4E91-83B7-02EF1194A5C2}.Debug|Any CPU.Build.0 = Debug|Any CPU
		{B2CAC66C-8663-4E91-83B7-02EF1194A5C2}.Release|Any CPU.ActiveCfg = Release|Any CPU
		{B2CAC66C-8663-4E91-83B7-02EF1194A5C2}.Release|Any CPU.Build.0 = Release|Any CPU
		{31C97635-FED6-4589-A289-87549C9D701A}.Debug|Any CPU.ActiveCfg = Debug|Any CPU
		{31C97635-FED6-4589-A289-87549C9D701A}.Debug|Any CPU.Build.0 = Debug|Any CPU
		{31C97635-FED6-4589-A289-87549C9D701A}.Release|Any CPU.ActiveCfg = Release|Any CPU
		{31C97635-FED6-4589-A289-87549C9D701A}.Release|Any CPU.Build.0 = Release|Any CPU
		{1679547B-955A-41D2-9271-98A66536BF1C}.Debug|Any CPU.ActiveCfg = Debug|Any CPU
		{1679547B-955A-41D2-9271-98A66536BF1C}.Debug|Any CPU.Build.0 = Debug|Any CPU
		{1679547B-955A-41D2-9271-98A66536BF1C}.Release|Any CPU.ActiveCfg = Release|Any CPU
		{1679547B-955A-41D2-9271-98A66536BF1C}.Release|Any CPU.Build.0 = Release|Any CPU
	EndGlobalSection
	GlobalSection(SolutionProperties) = preSolution
		HideSolutionNode = FALSE
	EndGlobalSection
	GlobalSection(NestedProjects) = preSolution
		{461C47B2-38A4-470B-B3DF-50AEF7D3F6CB} = {32E444B6-F370-48D2-A1DC-D2AF9D4F2D18}
		{B2CAC66C-8663-4E91-83B7-02EF1194A5C2} = {32E444B6-F370-48D2-A1DC-D2AF9D4F2D18}
		{31C97635-FED6-4589-A289-87549C9D701A} = {32E444B6-F370-48D2-A1DC-D2AF9D4F2D18}
		{1679547B-955A-41D2-9271-98A66536BF1C} = {0D4FF91F-54FD-4AD1-B68C-7BFB0B5ECBB9}
	EndGlobalSection
EndGlobal
